<?xml version="1.0" encoding="utf-8"?>
<Project ToolsVersion="4.0" xmlns="http://schemas.microsoft.com/developer/msbuild/2003">
  <ItemGroup>
    <Filter Include="Source Files">
      <UniqueIdentifier>{4FC737F1-C7A5-4376-A066-2A32D752A2FF}</UniqueIdentifier>
      <Extensions>cpp;c;cc;cxx;def;odl;idl;hpj;bat;asm;asmx</Extensions>
    </Filter>
    <Filter Include="Header Files">
      <UniqueIdentifier>{93995380-89BD-4b04-88EB-625FBE52EBFB}</UniqueIdentifier>
      <Extensions>h;hh;hpp;hxx;hm;inl;inc;xsd</Extensions>
    </Filter>
    <Filter Include="Resource Files">
      <UniqueIdentifier>{67DA6AB6-F800-4c08-8B7A-83BB121AAD01}</UniqueIdentifier>
      <Extensions>rc;ico;cur;bmp;dlg;rc2;rct;bin;rgs;gif;jpg;jpeg;jpe;resx;tiff;tif;png;wav;mfcribbon-ms</Extensions>
    </Filter>
    <Filter Include="src">
      <UniqueIdentifier>{7e024f6b-43d1-47be-875b-7c319223743d}</UniqueIdentifier>
    </Filter>
    <Filter Include="src\_micro-api-readonly">
      <UniqueIdentifier>{ce4ea007-2a82-4f51-8fb5-5f5e6ea84757}</UniqueIdentifier>
    </Filter>
    <Filter Include="src\_micro-api-readonly\core">
      <UniqueIdentifier>{1eb10aba-76ac-4448-a48d-8c471be78a56}</UniqueIdentifier>
    </Filter>
    <Filter Include="src\_micro-api-readonly\libraries">
      <UniqueIdentifier>{5e5f2da6-6f5a-4b12-a9e0-8d0a35b45222}</UniqueIdentifier>
    </Filter>
    <Filter Include="src\_micro-api-readonly\libraries\SPI">
      <UniqueIdentifier>{e26d8b79-c29d-42f6-8da1-e743c8379639}</UniqueIdentifier>
    </Filter>
    <Filter Include="src\_micro-api-readonly\libraries\VarioSettings">
      <UniqueIdentifier>{b4eb2063-ad1b-4384-a7d2-312878508018}</UniqueIdentifier>
    </Filter>
    <Filter Include="src\_micro-api-readonly\libraries\IntTW">
      <UniqueIdentifier>{ca630df6-de12-4c32-863d-32d949aa8b94}</UniqueIdentifier>
    </Filter>
    <Filter Include="src\_micro-api-readonly\libraries\ms5611">
      <UniqueIdentifier>{f1d3636b-c0d5-426f-83b3-a11dedcf8b4e}</UniqueIdentifier>
    </Filter>
    <Filter Include="src\_micro-api-readonly\libraries\vertaccel">
      <UniqueIdentifier>{c4d3e63e-2bcb-4aed-a212-4a2a3bc2aba4}</UniqueIdentifier>
    </Filter>
    <Filter Include="src\_micro-api-readonly\libraries\EEPROM">
      <UniqueIdentifier>{0fe6a7f0-ad4e-43f2-b7ef-81b8cbfc744b}</UniqueIdentifier>
    </Filter>
    <Filter Include="src\_micro-api-readonly\libraries\LightInvensense">
      <UniqueIdentifier>{fb6a6923-d074-4aa6-9c23-7416d792cef6}</UniqueIdentifier>
    </Filter>
    <Filter Include="src\_micro-api-readonly\libraries\TwoWireScheduler">
      <UniqueIdentifier>{23f221e7-9c57-4c94-8f3e-c5477e584d6a}</UniqueIdentifier>
    </Filter>
    <Filter Include="src\_micro-api-readonly\libraries\kalmanvert">
      <UniqueIdentifier>{b786eefb-bdd8-4b67-828b-fc50de2c2c25}</UniqueIdentifier>
    </Filter>
    <Filter Include="src\_micro-api-readonly\libraries\beeper">
      <UniqueIdentifier>{5875192d-84a4-4bd2-ae4a-cead73ab54cb}</UniqueIdentifier>
    </Filter>
    <Filter Include="src\_micro-api-readonly\libraries\varioscreen">
      <UniqueIdentifier>{8bfc099d-e6e8-46e1-89e8-a558568f47e9}</UniqueIdentifier>
    </Filter>
    <Filter Include="src\_micro-api-readonly\libraries\digit">
      <UniqueIdentifier>{21475399-732e-4951-b5c4-cdb137b6ee9c}</UniqueIdentifier>
    </Filter>
    <Filter Include="src\_micro-api-readonly\libraries\LightFat16">
      <UniqueIdentifier>{4f0d0821-e0e2-4a9c-b6ca-2d57f36a3d58}</UniqueIdentifier>
    </Filter>
    <Filter Include="src\_micro-api-readonly\libraries\SerialNmea">
      <UniqueIdentifier>{e1d89a2c-e30b-438c-a869-fef3473735a7}</UniqueIdentifier>
    </Filter>
    <Filter Include="src\_micro-api-readonly\libraries\NmeaParser">
      <UniqueIdentifier>{6e82182d-a172-4264-a0ba-1faccd868187}</UniqueIdentifier>
    </Filter>
    <Filter Include="src\_micro-api-readonly\libraries\FirmwareUpdaterTWS">
      <UniqueIdentifier>{554544d9-f6a2-48df-8cce-003c52735d00}</UniqueIdentifier>
    </Filter>
    <Filter Include="src\_micro-api-readonly\libraries\FlightHistory">
      <UniqueIdentifier>{f2b0186e-5def-4f89-b4a5-e36d0bc15f03}</UniqueIdentifier>
    </Filter>
    <Filter Include="src\_micro-api-readonly\libraries\LPtoneAC">
      <UniqueIdentifier>{eedf6f87-497e-44b1-bb5c-b9c9c1285cc3}</UniqueIdentifier>
    </Filter>
    <Filter Include="src\_micro-api-readonly\libraries\GpsSentences">
      <UniqueIdentifier>{1c062ddf-62b3-4e4d-be04-e722a0f92d8c}</UniqueIdentifier>
    </Filter>
    <Filter Include="src\_micro-api-readonly\libraries\bmp280">
      <UniqueIdentifier>{b029baa7-99cf-40d4-ae0a-7e6e5ed6b005}</UniqueIdentifier>
    </Filter>
  </ItemGroup>
  <ItemGroup>
    <None Include="variometer.ino" />
    <None Include="C:\arduino-1.8.9\portable\packages\arduino\hardware\avr\1.6.23\cores\arduino\wiring_pulse.S">
      <Filter>src\_micro-api-readonly\core</Filter>
    </None>
    <None Include="C:\arduino-1.8.9\portable\packages\arduino\hardware\avr\1.6.23\libraries\SPI\library.properties">
      <Filter>src\_micro-api-readonly\libraries\SPI</Filter>
    </None>
    <None Include="C:\arduino-1.8.9\portable\packages\arduino\hardware\avr\1.6.23\libraries\EEPROM\library.properties">
      <Filter>src\_micro-api-readonly\libraries\EEPROM</Filter>
    </None>
  </ItemGroup>
  <ItemGroup>
    <ClInclude Include="__vm\.variometer.vsarduino.h">
      <Filter>Header Files</Filter>
    </ClInclude>
    <ClInclude Include="C:\arduino-1.8.9\portable\packages\arduino\hardware\avr\1.6.23\cores\arduino\Arduino.h">
      <Filter>src\_micro-api-readonly\core</Filter>
    </ClInclude>
    <ClInclude Include="C:\arduino-1.8.9\portable\packages\arduino\hardware\avr\1.6.23\cores\arduino\binary.h">
      <Filter>src\_micro-api-readonly\core</Filter>
    </ClInclude>
    <ClInclude Include="C:\arduino-1.8.9\portable\packages\arduino\hardware\avr\1.6.23\cores\arduino\Client.h">
      <Filter>src\_micro-api-readonly\core</Filter>
    </ClInclude>
    <ClInclude Include="C:\arduino-1.8.9\portable\packages\arduino\hardware\avr\1.6.23\cores\arduino\HardwareSerial.h">
      <Filter>src\_micro-api-readonly\core</Filter>
    </ClInclude>
    <ClInclude Include="C:\arduino-1.8.9\portable\packages\arduino\hardware\avr\1.6.23\cores\arduino\HardwareSerial_private.h">
      <Filter>src\_micro-api-readonly\core</Filter>
    </ClInclude>
    <ClInclude Include="C:\arduino-1.8.9\portable\packages\arduino\hardware\avr\1.6.23\cores\arduino\IPAddress.h">
      <Filter>src\_micro-api-readonly\core</Filter>
    </ClInclude>
    <ClInclude Include="C:\arduino-1.8.9\portable\packages\arduino\hardware\avr\1.6.23\cores\arduino\new.h">
      <Filter>src\_micro-api-readonly\core</Filter>
    </ClInclude>
    <ClInclude Include="C:\arduino-1.8.9\portable\packages\arduino\hardware\avr\1.6.23\cores\arduino\PluggableUSB.h">
      <Filter>src\_micro-api-readonly\core</Filter>
    </ClInclude>
    <ClInclude Include="C:\arduino-1.8.9\portable\packages\arduino\hardware\avr\1.6.23\cores\arduino\Print.h">
      <Filter>src\_micro-api-readonly\core</Filter>
    </ClInclude>
    <ClInclude Include="C:\arduino-1.8.9\portable\packages\arduino\hardware\avr\1.6.23\cores\arduino\Printable.h">
      <Filter>src\_micro-api-readonly\core</Filter>
    </ClInclude>
    <ClInclude Include="C:\arduino-1.8.9\portable\packages\arduino\hardware\avr\1.6.23\cores\arduino\Server.h">
      <Filter>src\_micro-api-readonly\core</Filter>
    </ClInclude>
    <ClInclude Include="C:\arduino-1.8.9\portable\packages\arduino\hardware\avr\1.6.23\cores\arduino\Stream.h">
      <Filter>src\_micro-api-readonly\core</Filter>
    </ClInclude>
    <ClInclude Include="C:\arduino-1.8.9\portable\packages\arduino\hardware\avr\1.6.23\cores\arduino\Udp.h">
      <Filter>src\_micro-api-readonly\core</Filter>
    </ClInclude>
    <ClInclude Include="C:\arduino-1.8.9\portable\packages\arduino\hardware\avr\1.6.23\cores\arduino\USBAPI.h">
      <Filter>src\_micro-api-readonly\core</Filter>
    </ClInclude>
    <ClInclude Include="C:\arduino-1.8.9\portable\packages\arduino\hardware\avr\1.6.23\cores\arduino\USBCore.h">
      <Filter>src\_micro-api-readonly\core</Filter>
    </ClInclude>
    <ClInclude Include="C:\arduino-1.8.9\portable\packages\arduino\hardware\avr\1.6.23\cores\arduino\USBDesc.h">
      <Filter>src\_micro-api-readonly\core</Filter>
    </ClInclude>
    <ClInclude Include="C:\arduino-1.8.9\portable\packages\arduino\hardware\avr\1.6.23\cores\arduino\WCharacter.h">
      <Filter>src\_micro-api-readonly\core</Filter>
    </ClInclude>
    <ClInclude Include="C:\arduino-1.8.9\portable\packages\arduino\hardware\avr\1.6.23\cores\arduino\wiring_private.h">
      <Filter>src\_micro-api-readonly\core</Filter>
    </ClInclude>
    <ClInclude Include="C:\arduino-1.8.9\portable\packages\arduino\hardware\avr\1.6.23\cores\arduino\WString.h">
      <Filter>src\_micro-api-readonly\core</Filter>
    </ClInclude>
    <ClInclude Include="C:\arduino-1.8.9\portable\packages\arduino\hardware\avr\1.6.23\variants\eightanaloginputs\pins_arduino.h">
      <Filter>src\_micro-api-readonly\core</Filter>
    </ClInclude>
    <ClInclude Include="C:\arduino-1.8.9\portable\packages\arduino\hardware\avr\1.6.23\libraries\SPI\src\SPI.h">
      <Filter>src\_micro-api-readonly\libraries\SPI</Filter>
    </ClInclude>
    <ClInclude Include="C:\arduino-1.8.9\portable\packages\arduino\hardware\avr\1.6.23\libraries\EEPROM\src\EEPROM.h">
      <Filter>src\_micro-api-readonly\libraries\EEPROM</Filter>
    </ClInclude>
    <ClInclude Include="..\libraries\FlightHistory\FlightHistory.h">
      <Filter>src\_micro-api-readonly\libraries\FlightHistory</Filter>
    </ClInclude>
  </ItemGroup>
  <ItemGroup>
    <ClCompile Include="C:\arduino-1.8.9\portable\packages\arduino\hardware\avr\1.6.23\cores\arduino\abi.cpp">
      <Filter>src\_micro-api-readonly\core</Filter>
    </ClCompile>
    <ClCompile Include="C:\arduino-1.8.9\portable\packages\arduino\hardware\avr\1.6.23\cores\arduino\CDC.cpp">
      <Filter>src\_micro-api-readonly\core</Filter>
    </ClCompile>
    <ClCompile Include="C:\arduino-1.8.9\portable\packages\arduino\hardware\avr\1.6.23\cores\arduino\HardwareSerial.cpp">
      <Filter>src\_micro-api-readonly\core</Filter>
    </ClCompile>
    <ClCompile Include="C:\arduino-1.8.9\portable\packages\arduino\hardware\avr\1.6.23\cores\arduino\HardwareSerial0.cpp">
      <Filter>src\_micro-api-readonly\core</Filter>
    </ClCompile>
    <ClCompile Include="C:\arduino-1.8.9\portable\packages\arduino\hardware\avr\1.6.23\cores\arduino\HardwareSerial1.cpp">
      <Filter>src\_micro-api-readonly\core</Filter>
    </ClCompile>
    <ClCompile Include="C:\arduino-1.8.9\portable\packages\arduino\hardware\avr\1.6.23\cores\arduino\HardwareSerial2.cpp">
      <Filter>src\_micro-api-readonly\core</Filter>
    </ClCompile>
    <ClCompile Include="C:\arduino-1.8.9\portable\packages\arduino\hardware\avr\1.6.23\cores\arduino\HardwareSerial3.cpp">
      <Filter>src\_micro-api-readonly\core</Filter>
    </ClCompile>
    <ClCompile Include="C:\arduino-1.8.9\portable\packages\arduino\hardware\avr\1.6.23\cores\arduino\hooks.c">
      <Filter>src\_micro-api-readonly\core</Filter>
    </ClCompile>
    <ClCompile Include="C:\arduino-1.8.9\portable\packages\arduino\hardware\avr\1.6.23\cores\arduino\IPAddress.cpp">
      <Filter>src\_micro-api-readonly\core</Filter>
    </ClCompile>
    <ClCompile Include="C:\arduino-1.8.9\portable\packages\arduino\hardware\avr\1.6.23\cores\arduino\main.cpp">
      <Filter>src\_micro-api-readonly\core</Filter>
    </ClCompile>
    <ClCompile Include="C:\arduino-1.8.9\portable\packages\arduino\hardware\avr\1.6.23\cores\arduino\new.cpp">
      <Filter>src\_micro-api-readonly\core</Filter>
    </ClCompile>
    <ClCompile Include="C:\arduino-1.8.9\portable\packages\arduino\hardware\avr\1.6.23\cores\arduino\PluggableUSB.cpp">
      <Filter>src\_micro-api-readonly\core</Filter>
    </ClCompile>
    <ClCompile Include="C:\arduino-1.8.9\portable\packages\arduino\hardware\avr\1.6.23\cores\arduino\Print.cpp">
      <Filter>src\_micro-api-readonly\core</Filter>
    </ClCompile>
    <ClCompile Include="C:\arduino-1.8.9\portable\packages\arduino\hardware\avr\1.6.23\cores\arduino\Stream.cpp">
      <Filter>src\_micro-api-readonly\core</Filter>
    </ClCompile>
    <ClCompile Include="C:\arduino-1.8.9\portable\packages\arduino\hardware\avr\1.6.23\cores\arduino\Tone.cpp">
      <Filter>src\_micro-api-readonly\core</Filter>
    </ClCompile>
    <ClCompile Include="C:\arduino-1.8.9\portable\packages\arduino\hardware\avr\1.6.23\cores\arduino\USBCore.cpp">
      <Filter>src\_micro-api-readonly\core</Filter>
    </ClCompile>
    <ClCompile Include="C:\arduino-1.8.9\portable\packages\arduino\hardware\avr\1.6.23\cores\arduino\WInterrupts.c">
      <Filter>src\_micro-api-readonly\core</Filter>
    </ClCompile>
    <ClCompile Include="C:\arduino-1.8.9\portable\packages\arduino\hardware\avr\1.6.23\cores\arduino\wiring.c">
      <Filter>src\_micro-api-readonly\core</Filter>
    </ClCompile>
    <ClCompile Include="C:\arduino-1.8.9\portable\packages\arduino\hardware\avr\1.6.23\cores\arduino\wiring_analog.c">
      <Filter>src\_micro-api-readonly\core</Filter>
    </ClCompile>
    <ClCompile Include="C:\arduino-1.8.9\portable\packages\arduino\hardware\avr\1.6.23\cores\arduino\wiring_digital.c">
      <Filter>src\_micro-api-readonly\core</Filter>
    </ClCompile>
    <ClCompile Include="C:\arduino-1.8.9\portable\packages\arduino\hardware\avr\1.6.23\cores\arduino\wiring_pulse.c">
      <Filter>src\_micro-api-readonly\core</Filter>
    </ClCompile>
    <ClCompile Include="C:\arduino-1.8.9\portable\packages\arduino\hardware\avr\1.6.23\cores\arduino\wiring_shift.c">
      <Filter>src\_micro-api-readonly\core</Filter>
    </ClCompile>
    <ClCompile Include="C:\arduino-1.8.9\portable\packages\arduino\hardware\avr\1.6.23\cores\arduino\WMath.cpp">
      <Filter>src\_micro-api-readonly\core</Filter>
    </ClCompile>
    <ClCompile Include="C:\arduino-1.8.9\portable\packages\arduino\hardware\avr\1.6.23\cores\arduino\WString.cpp">
      <Filter>src\_micro-api-readonly\core</Filter>
    </ClCompile>
    <ClCompile Include="C:\arduino-1.8.9\portable\packages\arduino\hardware\avr\1.6.23\libraries\SPI\src\SPI.cpp">
      <Filter>src\_micro-api-readonly\libraries\SPI</Filter>
    </ClCompile>
  </ItemGroup>
  <ItemGroup>
    <Text Include="C:\arduino-1.8.9\portable\packages\arduino\hardware\avr\1.6.23\libraries\SPI\keywords.txt">
      <Filter>src\_micro-api-readonly\libraries\SPI</Filter>
    </Text>
    <Text Include="C:\arduino-1.8.9\portable\packages\arduino\hardware\avr\1.6.23\libraries\EEPROM\keywords.txt">
      <Filter>src\_micro-api-readonly\libraries\EEPROM</Filter>
    </Text>
  </ItemGroup>
</Project>